Microsoft Visual Studio Solution File, Format Version 12.00
# Visual Studio Version 17
VisualStudioVersion = 17.5.2.0
MinimumVisualStudioVersion = 10.0.40219.1
Project("{FAE04EC0-301F-11D3-BF4B-00C04F79EFBC}") = "OrderTrackingApp", "OrderTrackingApp.csproj", "{C047029D-C26A-A44F-CA67-3CC6F00BC689}"
EndProject
Global
	GlobalSection(SolutionConfigurationPlatforms) = preSolution
		Debug|Any CPU = Debug|Any CPU
		Release|Any CPU = Release|Any CPU
	EndGlobalSection
	GlobalSection(ProjectConfigurationPlatforms) = postSolution
		{C047029D-C26A-A44F-CA67-3CC6F00BC689}.Debug|Any CPU.ActiveCfg = Debug|Any CPU
		{C047029D-C26A-A44F-CA67-3CC6F00BC689}.Debug|Any CPU.Build.0 = Debug|Any CPU
		{C047029D-C26A-A44F-CA67-3CC6F00BC689}.Release|Any CPU.ActiveCfg = Release|Any CPU
		{C047029D-C26A-A44F-CA67-3CC6F00BC689}.Release|Any CPU.Build.0 = Release|Any CPU
	EndGlobalSection
	GlobalSection(SolutionProperties) = preSolution
		HideSolutionNode = FALSE
	EndGlobalSection
	GlobalSection(ExtensibilityGlobals) = postSolution
		SolutionGuid = {ADB70E42-6E2A-4296-B25D-51961CF10B49}
	EndGlobalSection
EndGlobal
